// !$*UTF8*$!
{
	archiveVersion = 1;
	classes = {
	};
	objectVersion = 55;
	objects = {

/* Begin PBXBuildFile section */
		CC6DD85E2816E2210056FA5D /* PageViewController.swift in Sources */ = {isa = PBXBuildFile; fileRef = CC6DD85D2816E2210056FA5D /* PageViewController.swift */; };
		CC6DD8602816E3DC0056FA5D /* FutureCard.swift in Sources */ = {isa = PBXBuildFile; fileRef = CC6DD85F2816E3DC0056FA5D /* FutureCard.swift */; };
		CC6DD8622816E4E60056FA5D /* PageView.swift in Sources */ = {isa = PBXBuildFile; fileRef = CC6DD8612816E4E60056FA5D /* PageView.swift */; };
		CC6DD8642816E95A0056FA5D /* PageControl.swift in Sources */ = {isa = PBXBuildFile; fileRef = CC6DD8632816E95A0056FA5D /* PageControl.swift */; };
		CC7E495D281011C0005C95A0 /* LandmarksApp.swift in Sources */ = {isa = PBXBuildFile; fileRef = CC7E495C281011C0005C95A0 /* LandmarksApp.swift */; };
		CC7E495F281011C0005C95A0 /* ContentView.swift in Sources */ = {isa = PBXBuildFile; fileRef = CC7E495E281011C0005C95A0 /* ContentView.swift */; };
		CC7E4961281011C4005C95A0 /* Assets.xcassets in Resources */ = {isa = PBXBuildFile; fileRef = CC7E4960281011C4005C95A0 /* Assets.xcassets */; };
		CC7E4964281011C4005C95A0 /* Preview Assets.xcassets in Resources */ = {isa = PBXBuildFile; fileRef = CC7E4963281011C4005C95A0 /* Preview Assets.xcassets */; };
		CC7E496E281011C4005C95A0 /* LandmarksTests.swift in Sources */ = {isa = PBXBuildFile; fileRef = CC7E496D281011C4005C95A0 /* LandmarksTests.swift */; };
		CC7E4978281011C4005C95A0 /* LandmarksUITests.swift in Sources */ = {isa = PBXBuildFile; fileRef = CC7E4977281011C4005C95A0 /* LandmarksUITests.swift */; };
		CC7E497A281011C4005C95A0 /* LandmarksUITestsLaunchTests.swift in Sources */ = {isa = PBXBuildFile; fileRef = CC7E4979281011C4005C95A0 /* LandmarksUITestsLaunchTests.swift */; };
		CC7E498728101643005C95A0 /* CircleImage.swift in Sources */ = {isa = PBXBuildFile; fileRef = CC7E498628101643005C95A0 /* CircleImage.swift */; };
		CC7E498928101739005C95A0 /* MapView.swift in Sources */ = {isa = PBXBuildFile; fileRef = CC7E498828101739005C95A0 /* MapView.swift */; };
		CC7E498D28101E02005C95A0 /* landmarkData.json in Resources */ = {isa = PBXBuildFile; fileRef = CC7E498C28101E02005C95A0 /* landmarkData.json */; };
		CC7E498F28101E6B005C95A0 /* Landmark.swift in Sources */ = {isa = PBXBuildFile; fileRef = CC7E498E28101E6B005C95A0 /* Landmark.swift */; };
		CC7E4991281021DB005C95A0 /* ModelData.swift in Sources */ = {isa = PBXBuildFile; fileRef = CC7E4990281021DB005C95A0 /* ModelData.swift */; };
		CC7E499A281025ED005C95A0 /* LandmarkRow.swift in Sources */ = {isa = PBXBuildFile; fileRef = CC7E4999281025ED005C95A0 /* LandmarkRow.swift */; };
		CC7E499C281029B5005C95A0 /* LandmarkList.swift in Sources */ = {isa = PBXBuildFile; fileRef = CC7E499B281029B5005C95A0 /* LandmarkList.swift */; };
		CC7E499E28102B8F005C95A0 /* LandmarkDetail.swift in Sources */ = {isa = PBXBuildFile; fileRef = CC7E499D28102B8F005C95A0 /* LandmarkDetail.swift */; };
		CC7E49A02810398D005C95A0 /* FavoriteButton.swift in Sources */ = {isa = PBXBuildFile; fileRef = CC7E499F2810398D005C95A0 /* FavoriteButton.swift */; };
		CC7E49A428103F30005C95A0 /* HexagonParameters.swift in Sources */ = {isa = PBXBuildFile; fileRef = CC7E49A328103F30005C95A0 /* HexagonParameters.swift */; };
		CC7E49A628103FBE005C95A0 /* BadgeBackground.swift in Sources */ = {isa = PBXBuildFile; fileRef = CC7E49A528103FBE005C95A0 /* BadgeBackground.swift */; };
		CC7E49A8281041C2005C95A0 /* BudgeSymbol.swift in Sources */ = {isa = PBXBuildFile; fileRef = CC7E49A7281041C2005C95A0 /* BudgeSymbol.swift */; };
		CC7E49AA28104235005C95A0 /* RotatedBadgeSymbol.swift in Sources */ = {isa = PBXBuildFile; fileRef = CC7E49A928104235005C95A0 /* RotatedBadgeSymbol.swift */; };
		CC7E49AC28104295005C95A0 /* Budge.swift in Sources */ = {isa = PBXBuildFile; fileRef = CC7E49AB28104295005C95A0 /* Budge.swift */; };
		CC7E49AF2810592E005C95A0 /* hikeData.json in Resources */ = {isa = PBXBuildFile; fileRef = CC7E49AE2810592E005C95A0 /* hikeData.json */; };
		CC7E49B128105955005C95A0 /* Hike.swift in Sources */ = {isa = PBXBuildFile; fileRef = CC7E49B028105955005C95A0 /* Hike.swift */; };
		CC7E49B728105AC9005C95A0 /* GraphCapsule.swift in Sources */ = {isa = PBXBuildFile; fileRef = CC7E49B328105AC9005C95A0 /* GraphCapsule.swift */; };
		CC7E49B828105AC9005C95A0 /* HikeGraph.swift in Sources */ = {isa = PBXBuildFile; fileRef = CC7E49B428105AC9005C95A0 /* HikeGraph.swift */; };
		CC7E49B928105AC9005C95A0 /* HikeDetail.swift in Sources */ = {isa = PBXBuildFile; fileRef = CC7E49B528105AC9005C95A0 /* HikeDetail.swift */; };
		CC7E49BA28105AC9005C95A0 /* HikeView.swift in Sources */ = {isa = PBXBuildFile; fileRef = CC7E49B628105AC9005C95A0 /* HikeView.swift */; };
		CC7E49BD2811A8EF005C95A0 /* CategoryHome.swift in Sources */ = {isa = PBXBuildFile; fileRef = CC7E49BC2811A8EF005C95A0 /* CategoryHome.swift */; };
		CC7E49BF2811AB1A005C95A0 /* CategoryRow.swift in Sources */ = {isa = PBXBuildFile; fileRef = CC7E49BE2811AB1A005C95A0 /* CategoryRow.swift */; };
		CC7E49C12811AD0A005C95A0 /* CategoryItem.swift in Sources */ = {isa = PBXBuildFile; fileRef = CC7E49C02811AD0A005C95A0 /* CategoryItem.swift */; };
		CC7E49C328158701005C95A0 /* Profile.swift in Sources */ = {isa = PBXBuildFile; fileRef = CC7E49C228158701005C95A0 /* Profile.swift */; };
		CC7E49C728158815005C95A0 /* ProfileHost.swift in Sources */ = {isa = PBXBuildFile; fileRef = CC7E49C628158815005C95A0 /* ProfileHost.swift */; };
		CC7E49C9281588DF005C95A0 /* ProfileSummary.swift in Sources */ = {isa = PBXBuildFile; fileRef = CC7E49C8281588DF005C95A0 /* ProfileSummary.swift */; };
		CC7E49CB281589F3005C95A0 /* HikeBadge.swift in Sources */ = {isa = PBXBuildFile; fileRef = CC7E49CA281589F3005C95A0 /* HikeBadge.swift */; };
		CC7E49CD28158FBC005C95A0 /* ProfileEditor.swift in Sources */ = {isa = PBXBuildFile; fileRef = CC7E49CC28158FBC005C95A0 /* ProfileEditor.swift */; };
/* End PBXBuildFile section */

/* Begin PBXContainerItemProxy section */
		CC7E496A281011C4005C95A0 /* PBXContainerItemProxy */ = {
			isa = PBXContainerItemProxy;
			containerPortal = CC7E4951281011C0005C95A0 /* Project object */;
			proxyType = 1;
			remoteGlobalIDString = CC7E4958281011C0005C95A0;
			remoteInfo = Landmarks;
		};
		CC7E4974281011C4005C95A0 /* PBXContainerItemProxy */ = {
			isa = PBXContainerItemProxy;
			containerPortal = CC7E4951281011C0005C95A0 /* Project object */;
			proxyType = 1;
			remoteGlobalIDString = CC7E4958281011C0005C95A0;
			remoteInfo = Landmarks;
		};
/* End PBXContainerItemProxy section */

/* Begin PBXFileReference section */
		CC6DD85D2816E2210056FA5D /* PageViewController.swift */ = {isa = PBXFileReference; lastKnownFileType = sourcecode.swift; path = PageViewController.swift; sourceTree = "<group>"; };
		CC6DD85F2816E3DC0056FA5D /* FutureCard.swift */ = {isa = PBXFileReference; lastKnownFileType = sourcecode.swift; path = FutureCard.swift; sourceTree = "<group>"; };
		CC6DD8612816E4E60056FA5D /* PageView.swift */ = {isa = PBXFileReference; lastKnownFileType = sourcecode.swift; path = PageView.swift; sourceTree = "<group>"; };
		CC6DD8632816E95A0056FA5D /* PageControl.swift */ = {isa = PBXFileReference; lastKnownFileType = sourcecode.swift; path = PageControl.swift; sourceTree = "<group>"; };
		CC7E4959281011C0005C95A0 /* Landmarks.app */ = {isa = PBXFileReference; explicitFileType = wrapper.application; includeInIndex = 0; path = Landmarks.app; sourceTree = BUILT_PRODUCTS_DIR; };
		CC7E495C281011C0005C95A0 /* LandmarksApp.swift */ = {isa = PBXFileReference; lastKnownFileType = sourcecode.swift; path = LandmarksApp.swift; sourceTree = "<group>"; };
		CC7E495E281011C0005C95A0 /* ContentView.swift */ = {isa = PBXFileReference; lastKnownFileType = sourcecode.swift; path = ContentView.swift; sourceTree = "<group>"; };
		CC7E4960281011C4005C95A0 /* Assets.xcassets */ = {isa = PBXFileReference; lastKnownFileType = folder.assetcatalog; path = Assets.xcassets; sourceTree = "<group>"; };
		CC7E4963281011C4005C95A0 /* Preview Assets.xcassets */ = {isa = PBXFileReference; lastKnownFileType = folder.assetcatalog; path = "Preview Assets.xcassets"; sourceTree = "<group>"; };
		CC7E4969281011C4005C95A0 /* LandmarksTests.xctest */ = {isa = PBXFileReference; explicitFileType = wrapper.cfbundle; includeInIndex = 0; path = LandmarksTests.xctest; sourceTree = BUILT_PRODUCTS_DIR; };
		CC7E496D281011C4005C95A0 /* LandmarksTests.swift */ = {isa = PBXFileReference; lastKnownFileType = sourcecode.swift; path = LandmarksTests.swift; sourceTree = "<group>"; };
		CC7E4973281011C4005C95A0 /* LandmarksUITests.xctest */ = {isa = PBXFileReference; explicitFileType = wrapper.cfbundle; includeInIndex = 0; path = LandmarksUITests.xctest; sourceTree = BUILT_PRODUCTS_DIR; };
		CC7E4977281011C4005C95A0 /* LandmarksUITests.swift */ = {isa = PBXFileReference; lastKnownFileType = sourcecode.swift; path = LandmarksUITests.swift; sourceTree = "<group>"; };
		CC7E4979281011C4005C95A0 /* LandmarksUITestsLaunchTests.swift */ = {isa = PBXFileReference; lastKnownFileType = sourcecode.swift; path = LandmarksUITestsLaunchTests.swift; sourceTree = "<group>"; };
		CC7E498628101643005C95A0 /* CircleImage.swift */ = {isa = PBXFileReference; lastKnownFileType = sourcecode.swift; path = CircleImage.swift; sourceTree = "<group>"; };
		CC7E498828101739005C95A0 /* MapView.swift */ = {isa = PBXFileReference; lastKnownFileType = sourcecode.swift; path = MapView.swift; sourceTree = "<group>"; };
		CC7E498C28101E02005C95A0 /* landmarkData.json */ = {isa = PBXFileReference; fileEncoding = 4; lastKnownFileType = text.json; path = landmarkData.json; sourceTree = "<group>"; };
		CC7E498E28101E6B005C95A0 /* Landmark.swift */ = {isa = PBXFileReference; lastKnownFileType = sourcecode.swift; path = Landmark.swift; sourceTree = "<group>"; };
		CC7E4990281021DB005C95A0 /* ModelData.swift */ = {isa = PBXFileReference; lastKnownFileType = sourcecode.swift; path = ModelData.swift; sourceTree = "<group>"; };
		CC7E4999281025ED005C95A0 /* LandmarkRow.swift */ = {isa = PBXFileReference; lastKnownFileType = sourcecode.swift; path = LandmarkRow.swift; sourceTree = "<group>"; };
		CC7E499B281029B5005C95A0 /* LandmarkList.swift */ = {isa = PBXFileReference; lastKnownFileType = sourcecode.swift; path = LandmarkList.swift; sourceTree = "<group>"; };
		CC7E499D28102B8F005C95A0 /* LandmarkDetail.swift */ = {isa = PBXFileReference; lastKnownFileType = sourcecode.swift; path = LandmarkDetail.swift; sourceTree = "<group>"; };
		CC7E499F2810398D005C95A0 /* FavoriteButton.swift */ = {isa = PBXFileReference; lastKnownFileType = sourcecode.swift; path = FavoriteButton.swift; sourceTree = "<group>"; };
		CC7E49A328103F30005C95A0 /* HexagonParameters.swift */ = {isa = PBXFileReference; lastKnownFileType = sourcecode.swift; path = HexagonParameters.swift; sourceTree = "<group>"; };
		CC7E49A528103FBE005C95A0 /* BadgeBackground.swift */ = {isa = PBXFileReference; lastKnownFileType = sourcecode.swift; path = BadgeBackground.swift; sourceTree = "<group>"; };
		CC7E49A7281041C2005C95A0 /* BudgeSymbol.swift */ = {isa = PBXFileReference; lastKnownFileType = sourcecode.swift; path = BudgeSymbol.swift; sourceTree = "<group>"; };
		CC7E49A928104235005C95A0 /* RotatedBadgeSymbol.swift */ = {isa = PBXFileReference; lastKnownFileType = sourcecode.swift; path = RotatedBadgeSymbol.swift; sourceTree = "<group>"; };
		CC7E49AB28104295005C95A0 /* Budge.swift */ = {isa = PBXFileReference; lastKnownFileType = sourcecode.swift; path = Budge.swift; sourceTree = "<group>"; };
		CC7E49AE2810592E005C95A0 /* hikeData.json */ = {isa = PBXFileReference; fileEncoding = 4; lastKnownFileType = text.json; path = hikeData.json; sourceTree = "<group>"; };
		CC7E49B028105955005C95A0 /* Hike.swift */ = {isa = PBXFileReference; lastKnownFileType = sourcecode.swift; path = Hike.swift; sourceTree = "<group>"; };
		CC7E49B328105AC9005C95A0 /* GraphCapsule.swift */ = {isa = PBXFileReference; fileEncoding = 4; lastKnownFileType = sourcecode.swift; path = GraphCapsule.swift; sourceTree = "<group>"; };
		CC7E49B428105AC9005C95A0 /* HikeGraph.swift */ = {isa = PBXFileReference; fileEncoding = 4; lastKnownFileType = sourcecode.swift; path = HikeGraph.swift; sourceTree = "<group>"; };
		CC7E49B528105AC9005C95A0 /* HikeDetail.swift */ = {isa = PBXFileReference; fileEncoding = 4; lastKnownFileType = sourcecode.swift; path = HikeDetail.swift; sourceTree = "<group>"; };
		CC7E49B628105AC9005C95A0 /* HikeView.swift */ = {isa = PBXFileReference; fileEncoding = 4; lastKnownFileType = sourcecode.swift; path = HikeView.swift; sourceTree = "<group>"; };
		CC7E49BC2811A8EF005C95A0 /* CategoryHome.swift */ = {isa = PBXFileReference; lastKnownFileType = sourcecode.swift; path = CategoryHome.swift; sourceTree = "<group>"; };
		CC7E49BE2811AB1A005C95A0 /* CategoryRow.swift */ = {isa = PBXFileReference; lastKnownFileType = sourcecode.swift; path = CategoryRow.swift; sourceTree = "<group>"; };
		CC7E49C02811AD0A005C95A0 /* CategoryItem.swift */ = {isa = PBXFileReference; lastKnownFileType = sourcecode.swift; path = CategoryItem.swift; sourceTree = "<group>"; };
		CC7E49C228158701005C95A0 /* Profile.swift */ = {isa = PBXFileReference; lastKnownFileType = sourcecode.swift; path = Profile.swift; sourceTree = "<group>"; };
		CC7E49C628158815005C95A0 /* ProfileHost.swift */ = {isa = PBXFileReference; lastKnownFileType = sourcecode.swift; path = ProfileHost.swift; sourceTree = "<group>"; };
		CC7E49C8281588DF005C95A0 /* ProfileSummary.swift */ = {isa = PBXFileReference; lastKnownFileType = sourcecode.swift; path = ProfileSummary.swift; sourceTree = "<group>"; };
		CC7E49CA281589F3005C95A0 /* HikeBadge.swift */ = {isa = PBXFileReference; lastKnownFileType = sourcecode.swift; path = HikeBadge.swift; sourceTree = "<group>"; };
		CC7E49CC28158FBC005C95A0 /* ProfileEditor.swift */ = {isa = PBXFileReference; lastKnownFileType = sourcecode.swift; path = ProfileEditor.swift; sourceTree = "<group>"; };
/* End PBXFileReference section */

/* Begin PBXFrameworksBuildPhase section */
		CC7E4956281011C0005C95A0 /* Frameworks */ = {
			isa = PBXFrameworksBuildPhase;
			buildActionMask = 2147483647;
			files = (
			);
			runOnlyForDeploymentPostprocessing = 0;
		};
		CC7E4966281011C4005C95A0 /* Frameworks */ = {
			isa = PBXFrameworksBuildPhase;
			buildActionMask = 2147483647;
			files = (
			);
			runOnlyForDeploymentPostprocessing = 0;
		};
		CC7E4970281011C4005C95A0 /* Frameworks */ = {
			isa = PBXFrameworksBuildPhase;
			buildActionMask = 2147483647;
			files = (
			);
			runOnlyForDeploymentPostprocessing = 0;
		};
/* End PBXFrameworksBuildPhase section */

/* Begin PBXGroup section */
		CC6DD85C2816E1FB0056FA5D /* PageView */ = {
			isa = PBXGroup;
			children = (
				CC6DD85D2816E2210056FA5D /* PageViewController.swift */,
				CC6DD8632816E95A0056FA5D /* PageControl.swift */,
				CC6DD85F2816E3DC0056FA5D /* FutureCard.swift */,
				CC6DD8612816E4E60056FA5D /* PageView.swift */,
			);
			path = PageView;
			sourceTree = "<group>";
		};
		CC7E4950281011C0005C95A0 = {
			isa = PBXGroup;
			children = (
				CC7E495B281011C0005C95A0 /* Landmarks */,
				CC7E4960281011C4005C95A0 /* Assets.xcassets */,
				CC7E496C281011C4005C95A0 /* LandmarksTests */,
				CC7E4976281011C4005C95A0 /* LandmarksUITests */,
				CC7E495A281011C0005C95A0 /* Products */,
			);
			sourceTree = "<group>";
		};
		CC7E495A281011C0005C95A0 /* Products */ = {
			isa = PBXGroup;
			children = (
				CC7E4959281011C0005C95A0 /* Landmarks.app */,
				CC7E4969281011C4005C95A0 /* LandmarksTests.xctest */,
				CC7E4973281011C4005C95A0 /* LandmarksUITests.xctest */,
			);
			name = Products;
			sourceTree = "<group>";
		};
		CC7E495B281011C0005C95A0 /* Landmarks */ = {
			isa = PBXGroup;
			children = (
				CC7E495C281011C0005C95A0 /* LandmarksApp.swift */,
				CC7E4992281023E2005C95A0 /* Views */,
				CC7E4993281023F3005C95A0 /* Model */,
				CC7E4994281023FE005C95A0 /* Resources */,
				CC7E4962281011C4005C95A0 /* Preview Content */,
			);
			path = Landmarks;
			sourceTree = "<group>";
		};
		CC7E4962281011C4005C95A0 /* Preview Content */ = {
			isa = PBXGroup;
			children = (
				CC7E4963281011C4005C95A0 /* Preview Assets.xcassets */,
			);
			path = "Preview Content";
			sourceTree = "<group>";
		};
		CC7E496C281011C4005C95A0 /* LandmarksTests */ = {
			isa = PBXGroup;
			children = (
				CC7E496D281011C4005C95A0 /* LandmarksTests.swift */,
			);
			path = LandmarksTests;
			sourceTree = "<group>";
		};
		CC7E4976281011C4005C95A0 /* LandmarksUITests */ = {
			isa = PBXGroup;
			children = (
				CC7E4977281011C4005C95A0 /* LandmarksUITests.swift */,
				CC7E4979281011C4005C95A0 /* LandmarksUITestsLaunchTests.swift */,
			);
			path = LandmarksUITests;
			sourceTree = "<group>";
		};
		CC7E4992281023E2005C95A0 /* Views */ = {
			isa = PBXGroup;
			children = (
				CC7E495E281011C0005C95A0 /* ContentView.swift */,
				CC6DD85C2816E1FB0056FA5D /* PageView */,
				CC7E49C5281587F6005C95A0 /* Profiles */,
				CC7E49BB2811A8BE005C95A0 /* Categories */,
				CC7E49B228105AC9005C95A0 /* Hikes */,
				CC7E49AD281042C9005C95A0 /* Badges */,
				CC7E49A228103AD5005C95A0 /* Landmarks */,
				CC7E49A128103ABE005C95A0 /* Helpers */,
			);
			path = Views;
			sourceTree = "<group>";
		};
		CC7E4993281023F3005C95A0 /* Model */ = {
			isa = PBXGroup;
			children = (
				CC7E49C228158701005C95A0 /* Profile.swift */,
				CC7E49B028105955005C95A0 /* Hike.swift */,
				CC7E498E28101E6B005C95A0 /* Landmark.swift */,
				CC7E4990281021DB005C95A0 /* ModelData.swift */,
			);
			path = Model;
			sourceTree = "<group>";
		};
		CC7E4994281023FE005C95A0 /* Resources */ = {
			isa = PBXGroup;
			children = (
				CC7E49AE2810592E005C95A0 /* hikeData.json */,
				CC7E498C28101E02005C95A0 /* landmarkData.json */,
			);
			path = Resources;
			sourceTree = "<group>";
		};
		CC7E49A128103ABE005C95A0 /* Helpers */ = {
			isa = PBXGroup;
			children = (
				CC7E499F2810398D005C95A0 /* FavoriteButton.swift */,
				CC7E498628101643005C95A0 /* CircleImage.swift */,
				CC7E498828101739005C95A0 /* MapView.swift */,
			);
			path = Helpers;
			sourceTree = "<group>";
		};
		CC7E49A228103AD5005C95A0 /* Landmarks */ = {
			isa = PBXGroup;
			children = (
				CC7E4999281025ED005C95A0 /* LandmarkRow.swift */,
				CC7E499B281029B5005C95A0 /* LandmarkList.swift */,
				CC7E499D28102B8F005C95A0 /* LandmarkDetail.swift */,
			);
			path = Landmarks;
			sourceTree = "<group>";
		};
		CC7E49AD281042C9005C95A0 /* Badges */ = {
			isa = PBXGroup;
			children = (
				CC7E49AB28104295005C95A0 /* Budge.swift */,
				CC7E49A928104235005C95A0 /* RotatedBadgeSymbol.swift */,
				CC7E49A7281041C2005C95A0 /* BudgeSymbol.swift */,
				CC7E49A528103FBE005C95A0 /* BadgeBackground.swift */,
				CC7E49A328103F30005C95A0 /* HexagonParameters.swift */,
			);
			path = Badges;
			sourceTree = "<group>";
		};
		CC7E49B228105AC9005C95A0 /* Hikes */ = {
			isa = PBXGroup;
			children = (
				CC7E49B328105AC9005C95A0 /* GraphCapsule.swift */,
				CC7E49B428105AC9005C95A0 /* HikeGraph.swift */,
				CC7E49B528105AC9005C95A0 /* HikeDetail.swift */,
				CC7E49B628105AC9005C95A0 /* HikeView.swift */,
				CC7E49CA281589F3005C95A0 /* HikeBadge.swift */,
			);
			path = Hikes;
			sourceTree = "<group>";
		};
		CC7E49BB2811A8BE005C95A0 /* Categories */ = {
			isa = PBXGroup;
			children = (
				CC7E49BC2811A8EF005C95A0 /* CategoryHome.swift */,
				CC7E49BE2811AB1A005C95A0 /* CategoryRow.swift */,
				CC7E49C02811AD0A005C95A0 /* CategoryItem.swift */,
			);
			path = Categories;
			sourceTree = "<group>";
		};
		CC7E49C5281587F6005C95A0 /* Profiles */ = {
			isa = PBXGroup;
			children = (
				CC7E49C628158815005C95A0 /* ProfileHost.swift */,
				CC7E49CC28158FBC005C95A0 /* ProfileEditor.swift */,
				CC7E49C8281588DF005C95A0 /* ProfileSummary.swift */,
			);
			path = Profiles;
			sourceTree = "<group>";
		};
/* End PBXGroup section */

/* Begin PBXNativeTarget section */
		CC7E4958281011C0005C95A0 /* Landmarks */ = {
			isa = PBXNativeTarget;
			buildConfigurationList = CC7E497D281011C4005C95A0 /* Build configuration list for PBXNativeTarget "Landmarks" */;
			buildPhases = (
				CC7E4955281011C0005C95A0 /* Sources */,
				CC7E4956281011C0005C95A0 /* Frameworks */,
				CC7E4957281011C0005C95A0 /* Resources */,
			);
			buildRules = (
			);
			dependencies = (
			);
			name = Landmarks;
			productName = Landmarks;
			productReference = CC7E4959281011C0005C95A0 /* Landmarks.app */;
			productType = "com.apple.product-type.application";
		};
		CC7E4968281011C4005C95A0 /* LandmarksTests */ = {
			isa = PBXNativeTarget;
			buildConfigurationList = CC7E4980281011C4005C95A0 /* Build configuration list for PBXNativeTarget "LandmarksTests" */;
			buildPhases = (
				CC7E4965281011C4005C95A0 /* Sources */,
				CC7E4966281011C4005C95A0 /* Frameworks */,
				CC7E4967281011C4005C95A0 /* Resources */,
			);
			buildRules = (
			);
			dependencies = (
				CC7E496B281011C4005C95A0 /* PBXTargetDependency */,
			);
			name = LandmarksTests;
			productName = LandmarksTests;
			productReference = CC7E4969281011C4005C95A0 /* LandmarksTests.xctest */;
			productType = "com.apple.product-type.bundle.unit-test";
		};
		CC7E4972281011C4005C95A0 /* LandmarksUITests */ = {
			isa = PBXNativeTarget;
			buildConfigurationList = CC7E4983281011C4005C95A0 /* Build configuration list for PBXNativeTarget "LandmarksUITests" */;
			buildPhases = (
				CC7E496F281011C4005C95A0 /* Sources */,
				CC7E4970281011C4005C95A0 /* Frameworks */,
				CC7E4971281011C4005C95A0 /* Resources */,
			);
			buildRules = (
			);
			dependencies = (
				CC7E4975281011C4005C95A0 /* PBXTargetDependency */,
			);
			name = LandmarksUITests;
			productName = LandmarksUITests;
			productReference = CC7E4973281011C4005C95A0 /* LandmarksUITests.xctest */;
			productType = "com.apple.product-type.bundle.ui-testing";
		};
/* End PBXNativeTarget section */

/* Begin PBXProject section */
		CC7E4951281011C0005C95A0 /* Project object */ = {
			isa = PBXProject;
			attributes = {
				BuildIndependentTargetsInParallel = 1;
				LastSwiftUpdateCheck = 1330;
				LastUpgradeCheck = 1330;
				TargetAttributes = {
					CC7E4958281011C0005C95A0 = {
						CreatedOnToolsVersion = 13.3.1;
					};
					CC7E4968281011C4005C95A0 = {
						CreatedOnToolsVersion = 13.3.1;
						TestTargetID = CC7E4958281011C0005C95A0;
					};
					CC7E4972281011C4005C95A0 = {
						CreatedOnToolsVersion = 13.3.1;
						TestTargetID = CC7E4958281011C0005C95A0;
					};
				};
			};
			buildConfigurationList = CC7E4954281011C0005C95A0 /* Build configuration list for PBXProject "Landmarks" */;
			compatibilityVersion = "Xcode 13.0";
			developmentRegion = en;
			hasScannedForEncodings = 0;
			knownRegions = (
				en,
				Base,
			);
			mainGroup = CC7E4950281011C0005C95A0;
			productRefGroup = CC7E495A281011C0005C95A0 /* Products */;
			projectDirPath = "";
			projectRoot = "";
			targets = (
				CC7E4958281011C0005C95A0 /* Landmarks */,
				CC7E4968281011C4005C95A0 /* LandmarksTests */,
				CC7E4972281011C4005C95A0 /* LandmarksUITests */,
			);
		};
/* End PBXProject section */

/* Begin PBXResourcesBuildPhase section */
		CC7E4957281011C0005C95A0 /* Resources */ = {
			isa = PBXResourcesBuildPhase;
			buildActionMask = 2147483647;
			files = (
				CC7E49AF2810592E005C95A0 /* hikeData.json in Resources */,
				CC7E4964281011C4005C95A0 /* Preview Assets.xcassets in Resources */,
				CC7E4961281011C4005C95A0 /* Assets.xcassets in Resources */,
				CC7E498D28101E02005C95A0 /* landmarkData.json in Resources */,
			);
			runOnlyForDeploymentPostprocessing = 0;
		};
		CC7E4967281011C4005C95A0 /* Resources */ = {
			isa = PBXResourcesBuildPhase;
			buildActionMask = 2147483647;
			files = (
			);
			runOnlyForDeploymentPostprocessing = 0;
		};
		CC7E4971281011C4005C95A0 /* Resources */ = {
			isa = PBXResourcesBuildPhase;
			buildActionMask = 2147483647;
			files = (
			);
			runOnlyForDeploymentPostprocessing = 0;
		};
/* End PBXResourcesBuildPhase section */

/* Begin PBXSourcesBuildPhase section */
		CC7E4955281011C0005C95A0 /* Sources */ = {
			isa = PBXSourcesBuildPhase;
			buildActionMask = 2147483647;
			files = (
				CC7E49BF2811AB1A005C95A0 /* CategoryRow.swift in Sources */,
				CC7E49C328158701005C95A0 /* Profile.swift in Sources */,
				CC7E495F281011C0005C95A0 /* ContentView.swift in Sources */,
				CC7E49BD2811A8EF005C95A0 /* CategoryHome.swift in Sources */,
				CC7E49B828105AC9005C95A0 /* HikeGraph.swift in Sources */,
				CC7E498928101739005C95A0 /* MapView.swift in Sources */,
				CC7E495D281011C0005C95A0 /* LandmarksApp.swift in Sources */,
				CC7E49B728105AC9005C95A0 /* GraphCapsule.swift in Sources */,
				CC7E49A02810398D005C95A0 /* FavoriteButton.swift in Sources */,
				CC7E49A428103F30005C95A0 /* HexagonParameters.swift in Sources */,
				CC6DD8642816E95A0056FA5D /* PageControl.swift in Sources */,
				CC7E49C12811AD0A005C95A0 /* CategoryItem.swift in Sources */,
				CC7E49B928105AC9005C95A0 /* HikeDetail.swift in Sources */,
				CC7E49C9281588DF005C95A0 /* ProfileSummary.swift in Sources */,
				CC7E49AA28104235005C95A0 /* RotatedBadgeSymbol.swift in Sources */,
				CC6DD8602816E3DC0056FA5D /* FutureCard.swift in Sources */,
				CC7E49C728158815005C95A0 /* ProfileHost.swift in Sources */,
				CC7E49B128105955005C95A0 /* Hike.swift in Sources */,
				CC7E499C281029B5005C95A0 /* LandmarkList.swift in Sources */,
				CC6DD8622816E4E60056FA5D /* PageView.swift in Sources */,
				CC7E49AC28104295005C95A0 /* Budge.swift in Sources */,
				CC7E49CD28158FBC005C95A0 /* ProfileEditor.swift in Sources */,
				CC7E499E28102B8F005C95A0 /* LandmarkDetail.swift in Sources */,
				CC7E49BA28105AC9005C95A0 /* HikeView.swift in Sources */,
				CC7E49A628103FBE005C95A0 /* BadgeBackground.swift in Sources */,
				CC6DD85E2816E2210056FA5D /* PageViewController.swift in Sources */,
				CC7E498728101643005C95A0 /* CircleImage.swift in Sources */,
				CC7E49CB281589F3005C95A0 /* HikeBadge.swift in Sources */,
				CC7E498F28101E6B005C95A0 /* Landmark.swift in Sources */,
				CC7E499A281025ED005C95A0 /* LandmarkRow.swift in Sources */,
				CC7E49A8281041C2005C95A0 /* BudgeSymbol.swift in Sources */,
				CC7E4991281021DB005C95A0 /* ModelData.swift in Sources */,
			);
			runOnlyForDeploymentPostprocessing = 0;
		};
		CC7E4965281011C4005C95A0 /* Sources */ = {
			isa = PBXSourcesBuildPhase;
			buildActionMask = 2147483647;
			files = (
				CC7E496E281011C4005C95A0 /* LandmarksTests.swift in Sources */,
			);
			runOnlyForDeploymentPostprocessing = 0;
		};
		CC7E496F281011C4005C95A0 /* Sources */ = {
			isa = PBXSourcesBuildPhase;
			buildActionMask = 2147483647;
			files = (
				CC7E497A281011C4005C95A0 /* LandmarksUITestsLaunchTests.swift in Sources */,
				CC7E4978281011C4005C95A0 /* LandmarksUITests.swift in Sources */,
			);
			runOnlyForDeploymentPostprocessing = 0;
		};
/* End PBXSourcesBuildPhase section */

/* Begin PBXTargetDependency section */
		CC7E496B281011C4005C95A0 /* PBXTargetDependency */ = {
			isa = PBXTargetDependency;
			target = CC7E4958281011C0005C95A0 /* Landmarks */;
			targetProxy = CC7E496A281011C4005C95A0 /* PBXContainerItemProxy */;
		};
		CC7E4975281011C4005C95A0 /* PBXTargetDependency */ = {
			isa = PBXTargetDependency;
			target = CC7E4958281011C0005C95A0 /* Landmarks */;
			targetProxy = CC7E4974281011C4005C95A0 /* PBXContainerItemProxy */;
		};
/* End PBXTargetDependency section */

/* Begin XCBuildConfiguration section */
		CC7E497B281011C4005C95A0 /* Debug */ = {
			isa = XCBuildConfiguration;
			buildSettings = {
				ALWAYS_SEARCH_USER_PATHS = NO;
				CLANG_ANALYZER_NONNULL = YES;
				CLANG_ANALYZER_NUMBER_OBJECT_CONVERSION = YES_AGGRESSIVE;
				CLANG_CXX_LANGUAGE_STANDARD = "gnu++17";
				CLANG_ENABLE_MODULES = YES;
				CLANG_ENABLE_OBJC_ARC = YES;
				CLANG_ENABLE_OBJC_WEAK = YES;
				CLANG_WARN_BLOCK_CAPTURE_AUTORELEASING = YES;
				CLANG_WARN_BOOL_CONVERSION = YES;
				CLANG_WARN_COMMA = YES;
				CLANG_WARN_CONSTANT_CONVERSION = YES;
				CLANG_WARN_DEPRECATED_OBJC_IMPLEMENTATIONS = YES;
				CLANG_WARN_DIRECT_OBJC_ISA_USAGE = YES_ERROR;
				CLANG_WARN_DOCUMENTATION_COMMENTS = YES;
				CLANG_WARN_EMPTY_BODY = YES;
				CLANG_WARN_ENUM_CONVERSION = YES;
				CLANG_WARN_INFINITE_RECURSION = YES;
				CLANG_WARN_INT_CONVERSION = YES;
				CLANG_WARN_NON_LITERAL_NULL_CONVERSION = YES;
				CLANG_WARN_OBJC_IMPLICIT_RETAIN_SELF = YES;
				CLANG_WARN_OBJC_LITERAL_CONVERSION = YES;
				CLANG_WARN_OBJC_ROOT_CLASS = YES_ERROR;
				CLANG_WARN_QUOTED_INCLUDE_IN_FRAMEWORK_HEADER = YES;
				CLANG_WARN_RANGE_LOOP_ANALYSIS = YES;
				CLANG_WARN_STRICT_PROTOTYPES = YES;
				CLANG_WARN_SUSPICIOUS_MOVE = YES;
				CLANG_WARN_UNGUARDED_AVAILABILITY = YES_AGGRESSIVE;
				CLANG_WARN_UNREACHABLE_CODE = YES;
				CLANG_WARN__DUPLICATE_METHOD_MATCH = YES;
				COPY_PHASE_STRIP = NO;
				DEBUG_INFORMATION_FORMAT = dwarf;
				ENABLE_STRICT_OBJC_MSGSEND = YES;
				ENABLE_TESTABILITY = YES;
				GCC_C_LANGUAGE_STANDARD = gnu11;
				GCC_DYNAMIC_NO_PIC = NO;
				GCC_NO_COMMON_BLOCKS = YES;
				GCC_OPTIMIZATION_LEVEL = 0;
				GCC_PREPROCESSOR_DEFINITIONS = (
					"DEBUG=1",
					"$(inherited)",
				);
				GCC_WARN_64_TO_32_BIT_CONVERSION = YES;
				GCC_WARN_ABOUT_RETURN_TYPE = YES_ERROR;
				GCC_WARN_UNDECLARED_SELECTOR = YES;
				GCC_WARN_UNINITIALIZED_AUTOS = YES_AGGRESSIVE;
				GCC_WARN_UNUSED_FUNCTION = YES;
				GCC_WARN_UNUSED_VARIABLE = YES;
				IPHONEOS_DEPLOYMENT_TARGET = 15.4;
				MTL_ENABLE_DEBUG_INFO = INCLUDE_SOURCE;
				MTL_FAST_MATH = YES;
				ONLY_ACTIVE_ARCH = YES;
				SDKROOT = iphoneos;
				SWIFT_ACTIVE_COMPILATION_CONDITIONS = DEBUG;
				SWIFT_OPTIMIZATION_LEVEL = "-Onone";
			};
			name = Debug;
		};
		CC7E497C281011C4005C95A0 /* Release */ = {
			isa = XCBuildConfiguration;
			buildSettings = {
				ALWAYS_SEARCH_USER_PATHS = NO;
				CLANG_ANALYZER_NONNULL = YES;
				CLANG_ANALYZER_NUMBER_OBJECT_CONVERSION = YES_AGGRESSIVE;
				CLANG_CXX_LANGUAGE_STANDARD = "gnu++17";
				CLANG_ENABLE_MODULES = YES;
				CLANG_ENABLE_OBJC_ARC = YES;
				CLANG_ENABLE_OBJC_WEAK = YES;
				CLANG_WARN_BLOCK_CAPTURE_AUTORELEASING = YES;
				CLANG_WARN_BOOL_CONVERSION = YES;
				CLANG_WARN_COMMA = YES;
				CLANG_WARN_CONSTANT_CONVERSION = YES;
				CLANG_WARN_DEPRECATED_OBJC_IMPLEMENTATIONS = YES;
				CLANG_WARN_DIRECT_OBJC_ISA_USAGE = YES_ERROR;
				CLANG_WARN_DOCUMENTATION_COMMENTS = YES;
				CLANG_WARN_EMPTY_BODY = YES;
				CLANG_WARN_ENUM_CONVERSION = YES;
				CLANG_WARN_INFINITE_RECURSION = YES;
				CLANG_WARN_INT_CONVERSION = YES;
				CLANG_WARN_NON_LITERAL_NULL_CONVERSION = YES;
				CLANG_WARN_OBJC_IMPLICIT_RETAIN_SELF = YES;
				CLANG_WARN_OBJC_LITERAL_CONVERSION = YES;
				CLANG_WARN_OBJC_ROOT_CLASS = YES_ERROR;
				CLANG_WARN_QUOTED_INCLUDE_IN_FRAMEWORK_HEADER = YES;
				CLANG_WARN_RANGE_LOOP_ANALYSIS = YES;
				CLANG_WARN_STRICT_PROTOTYPES = YES;
				CLANG_WARN_SUSPICIOUS_MOVE = YES;
				CLANG_WARN_UNGUARDED_AVAILABILITY = YES_AGGRESSIVE;
				CLANG_WARN_UNREACHABLE_CODE = YES;
				CLANG_WARN__DUPLICATE_METHOD_MATCH = YES;
				COPY_PHASE_STRIP = NO;
				DEBUG_INFORMATION_FORMAT = "dwarf-with-dsym";
				ENABLE_NS_ASSERTIONS = NO;
				ENABLE_STRICT_OBJC_MSGSEND = YES;
				GCC_C_LANGUAGE_STANDARD = gnu11;
				GCC_NO_COMMON_BLOCKS = YES;
				GCC_WARN_64_TO_32_BIT_CONVERSION = YES;
				GCC_WARN_ABOUT_RETURN_TYPE = YES_ERROR;
				GCC_WARN_UNDECLARED_SELECTOR = YES;
				GCC_WARN_UNINITIALIZED_AUTOS = YES_AGGRESSIVE;
				GCC_WARN_UNUSED_FUNCTION = YES;
				GCC_WARN_UNUSED_VARIABLE = YES;
				IPHONEOS_DEPLOYMENT_TARGET = 15.4;
				MTL_ENABLE_DEBUG_INFO = NO;
				MTL_FAST_MATH = YES;
				SDKROOT = iphoneos;
				SWIFT_COMPILATION_MODE = wholemodule;
				SWIFT_OPTIMIZATION_LEVEL = "-O";
				VALIDATE_PRODUCT = YES;
			};
			name = Release;
		};
		CC7E497E281011C4005C95A0 /* Debug */ = {
			isa = XCBuildConfiguration;
			buildSettings = {
				ASSETCATALOG_COMPILER_APPICON_NAME = AppIcon;
				ASSETCATALOG_COMPILER_GLOBAL_ACCENT_COLOR_NAME = AccentColor;
				CODE_SIGN_STYLE = Automatic;
				CURRENT_PROJECT_VERSION = 1;
				DEVELOPMENT_ASSET_PATHS = "\"Landmarks/Preview Content\"";
				ENABLE_PREVIEWS = YES;
				GENERATE_INFOPLIST_FILE = YES;
				INFOPLIST_KEY_UIApplicationSceneManifest_Generation = YES;
				INFOPLIST_KEY_UIApplicationSupportsIndirectInputEvents = YES;
				INFOPLIST_KEY_UILaunchScreen_Generation = YES;
				INFOPLIST_KEY_UISupportedInterfaceOrientations_iPad = "UIInterfaceOrientationPortrait UIInterfaceOrientationPortraitUpsideDown UIInterfaceOrientationLandscapeLeft UIInterfaceOrientationLandscapeRight";
				INFOPLIST_KEY_UISupportedInterfaceOrientations_iPhone = "UIInterfaceOrientationPortrait UIInterfaceOrientationLandscapeLeft UIInterfaceOrientationLandscapeRight";
				LD_RUNPATH_SEARCH_PATHS = (
					"$(inherited)",
					"@executable_path/Frameworks",
				);
				MARKETING_VERSION = 1.0;
				PRODUCT_BUNDLE_IDENTIFIER = com.tanny.Landmarks;
				PRODUCT_NAME = "$(TARGET_NAME)";
				SWIFT_EMIT_LOC_STRINGS = YES;
				SWIFT_VERSION = 5.0;
				TARGETED_DEVICE_FAMILY = "1,2";
			};
			name = Debug;
		};
		CC7E497F281011C4005C95A0 /* Release */ = {
			isa = XCBuildConfiguration;
			buildSettings = {
				ASSETCATALOG_COMPILER_APPICON_NAME = AppIcon;
				ASSETCATALOG_COMPILER_GLOBAL_ACCENT_COLOR_NAME = AccentColor;
				CODE_SIGN_STYLE = Automatic;
				CURRENT_PROJECT_VERSION = 1;
				DEVELOPMENT_ASSET_PATHS = "\"Landmarks/Preview Content\"";
				ENABLE_PREVIEWS = YES;
				GENERATE_INFOPLIST_FILE = YES;
				INFOPLIST_KEY_UIApplicationSceneManifest_Generation = YES;
				INFOPLIST_KEY_UIApplicationSupportsIndirectInputEvents = YES;
				INFOPLIST_KEY_UILaunchScreen_Generation = YES;
				INFOPLIST_KEY_UISupportedInterfaceOrientations_iPad = "UIInterfaceOrientationPortrait UIInterfaceOrientationPortraitUpsideDown UIInterfaceOrientationLandscapeLeft UIInterfaceOrientationLandscapeRight";
				INFOPLIST_KEY_UISupportedInterfaceOrientations_iPhone = "UIInterfaceOrientationPortrait UIInterfaceOrientationLandscapeLeft UIInterfaceOrientationLandscapeRight";
				LD_RUNPATH_SEARCH_PATHS = (
					"$(inherited)",
					"@executable_path/Frameworks",
				);
				MARKETING_VERSION = 1.0;
				PRODUCT_BUNDLE_IDENTIFIER = com.tanny.Landmarks;
				PRODUCT_NAME = "$(TARGET_NAME)";
				SWIFT_EMIT_LOC_STRINGS = YES;
				SWIFT_VERSION = 5.0;
				TARGETED_DEVICE_FAMILY = "1,2";
			};
			name = Release;
		};
		CC7E4981281011C4005C95A0 /* Debug */ = {
			isa = XCBuildConfiguration;
			buildSettings = {
				ALWAYS_EMBED_SWIFT_STANDARD_LIBRARIES = YES;
				BUNDLE_LOADER = "$(TEST_HOST)";
				CODE_SIGN_STYLE = Automatic;
				CURRENT_PROJECT_VERSION = 1;
				GENERATE_INFOPLIST_FILE = YES;
				IPHONEOS_DEPLOYMENT_TARGET = 15.4;
				MARKETING_VERSION = 1.0;
				PRODUCT_BUNDLE_IDENTIFIER = com.tanny.LandmarksTests;
				PRODUCT_NAME = "$(TARGET_NAME)";
				SWIFT_EMIT_LOC_STRINGS = NO;
				SWIFT_VERSION = 5.0;
				TARGETED_DEVICE_FAMILY = "1,2";
				TEST_HOST = "$(BUILT_PRODUCTS_DIR)/Landmarks.app/Landmarks";
			};
			name = Debug;
		};
		CC7E4982281011C4005C95A0 /* Release */ = {
			isa = XCBuildConfiguration;
			buildSettings = {
				ALWAYS_EMBED_SWIFT_STANDARD_LIBRARIES = YES;
				BUNDLE_LOADER = "$(TEST_HOST)";
				CODE_SIGN_STYLE = Automatic;
				CURRENT_PROJECT_VERSION = 1;
				GENERATE_INFOPLIST_FILE = YES;
				IPHONEOS_DEPLOYMENT_TARGET = 15.4;
				MARKETING_VERSION = 1.0;
				PRODUCT_BUNDLE_IDENTIFIER = com.tanny.LandmarksTests;
				PRODUCT_NAME = "$(TARGET_NAME)";
				SWIFT_EMIT_LOC_STRINGS = NO;
				SWIFT_VERSION = 5.0;
				TARGETED_DEVICE_FAMILY = "1,2";
				TEST_HOST = "$(BUILT_PRODUCTS_DIR)/Landmarks.app/Landmarks";
			};
			name = Release;
		};
		CC7E4984281011C4005C95A0 /* Debug */ = {
			isa = XCBuildConfiguration;
			buildSettings = {
				ALWAYS_EMBED_SWIFT_STANDARD_LIBRARIES = YES;
				CODE_SIGN_STYLE = Automatic;
				CURRENT_PROJECT_VERSION = 1;
				GENERATE_INFOPLIST_FILE = YES;
				MARKETING_VERSION = 1.0;
				PRODUCT_BUNDLE_IDENTIFIER = com.tanny.LandmarksUITests;
				PRODUCT_NAME = "$(TARGET_NAME)";
				SWIFT_EMIT_LOC_STRINGS = NO;
				SWIFT_VERSION = 5.0;
				TARGETED_DEVICE_FAMILY = "1,2";
				TEST_TARGET_NAME = Landmarks;
			};
			name = Debug;
		};
		CC7E4985281011C4005C95A0 /* Release */ = {
			isa = XCBuildConfiguration;
			buildSettings = {
				ALWAYS_EMBED_SWIFT_STANDARD_LIBRARIES = YES;
				CODE_SIGN_STYLE = Automatic;
				CURRENT_PROJECT_VERSION = 1;
				GENERATE_INFOPLIST_FILE = YES;
				MARKETING_VERSION = 1.0;
				PRODUCT_BUNDLE_IDENTIFIER = com.tanny.LandmarksUITests;
				PRODUCT_NAME = "$(TARGET_NAME)";
				SWIFT_EMIT_LOC_STRINGS = NO;
				SWIFT_VERSION = 5.0;
				TARGETED_DEVICE_FAMILY = "1,2";
				TEST_TARGET_NAME = Landmarks;
			};
			name = Release;
		};
/* End XCBuildConfiguration section */

/* Begin XCConfigurationList section */
		CC7E4954281011C0005C95A0 /* Build configuration list for PBXProject "Landmarks" */ = {
			isa = XCConfigurationList;
			buildConfigurations = (
				CC7E497B281011C4005C95A0 /* Debug */,
				CC7E497C281011C4005C95A0 /* Release */,
			);
			defaultConfigurationIsVisible = 0;
			defaultConfigurationName = Release;
		};
		CC7E497D281011C4005C95A0 /* Build configuration list for PBXNativeTarget "Landmarks" */ = {
			isa = XCConfigurationList;
			buildConfigurations = (
				CC7E497E281011C4005C95A0 /* Debug */,
				CC7E497F281011C4005C95A0 /* Release */,
			);
			defaultConfigurationIsVisible = 0;
			defaultConfigurationName = Release;
		};
		CC7E4980281011C4005C95A0 /* Build configuration list for PBXNativeTarget "LandmarksTests" */ = {
			isa = XCConfigurationList;
			buildConfigurations = (
				CC7E4981281011C4005C95A0 /* Debug */,
				CC7E4982281011C4005C95A0 /* Release */,
			);
			defaultConfigurationIsVisible = 0;
			defaultConfigurationName = Release;
		};
		CC7E4983281011C4005C95A0 /* Build configuration list for PBXNativeTarget "LandmarksUITests" */ = {
			isa = XCConfigurationList;
			buildConfigurations = (
				CC7E4984281011C4005C95A0 /* Debug */,
				CC7E4985281011C4005C95A0 /* Release */,
			);
			defaultConfigurationIsVisible = 0;
			defaultConfigurationName = Release;
		};
/* End XCConfigurationList section */
	};
	rootObject = CC7E4951281011C0005C95A0 /* Project object */;
}
